// !$*UTF8*$!
{
	archiveVersion = 1;
	classes = {
	};
	objectVersion = 55;
	objects = {

/* Begin PBXBuildFile section */
		8C8C09FA28A870410002308B /* AppDelegate.swift in Sources */ = {isa = PBXBuildFile; fileRef = 8C8C09F928A870410002308B /* AppDelegate.swift */; };
		8C8C09FC28A870410002308B /* SceneDelegate.swift in Sources */ = {isa = PBXBuildFile; fileRef = 8C8C09FB28A870410002308B /* SceneDelegate.swift */; };
		8C8C09FE28A870410002308B /* HomeViewController.swift in Sources */ = {isa = PBXBuildFile; fileRef = 8C8C09FD28A870410002308B /* HomeViewController.swift */; };
		8C8C0A0128A870410002308B /* Main.storyboard in Resources */ = {isa = PBXBuildFile; fileRef = 8C8C09FF28A870410002308B /* Main.storyboard */; };
		8C8C0A0328A870420002308B /* Assets.xcassets in Resources */ = {isa = PBXBuildFile; fileRef = 8C8C0A0228A870420002308B /* Assets.xcassets */; };
		8C8C0A0628A870420002308B /* LaunchScreen.storyboard in Resources */ = {isa = PBXBuildFile; fileRef = 8C8C0A0428A870420002308B /* LaunchScreen.storyboard */; };
		8C8C0A1128A870430002308B /* InstagramTests.swift in Sources */ = {isa = PBXBuildFile; fileRef = 8C8C0A1028A870430002308B /* InstagramTests.swift */; };
		8C8C0A1B28A870430002308B /* InstagramUITests.swift in Sources */ = {isa = PBXBuildFile; fileRef = 8C8C0A1A28A870430002308B /* InstagramUITests.swift */; };
		8C8C0A1D28A870430002308B /* InstagramUITestsLaunchTests.swift in Sources */ = {isa = PBXBuildFile; fileRef = 8C8C0A1C28A870430002308B /* InstagramUITestsLaunchTests.swift */; };
		8C8C0A2E28A8711C0002308B /* ExploreViewController.swift in Sources */ = {isa = PBXBuildFile; fileRef = 8C8C0A2D28A8711C0002308B /* ExploreViewController.swift */; };
		8C8C0A3028A871330002308B /* CameraViewController.swift in Sources */ = {isa = PBXBuildFile; fileRef = 8C8C0A2F28A871330002308B /* CameraViewController.swift */; };
		8C8C0A3228A8714D0002308B /* NotificationsViewController.swift in Sources */ = {isa = PBXBuildFile; fileRef = 8C8C0A3128A8714D0002308B /* NotificationsViewController.swift */; };
		8C8C0A3428A8715B0002308B /* ProfileViewController.swift in Sources */ = {isa = PBXBuildFile; fileRef = 8C8C0A3328A8715B0002308B /* ProfileViewController.swift */; };
		8C8C0A3828A872C90002308B /* LoginViewController.swift in Sources */ = {isa = PBXBuildFile; fileRef = 8C8C0A3728A872C90002308B /* LoginViewController.swift */; };
		8C8C0A3A28A872D40002308B /* RegistrationViewController.swift in Sources */ = {isa = PBXBuildFile; fileRef = 8C8C0A3928A872D40002308B /* RegistrationViewController.swift */; };
		8C8C0A3D28A872F80002308B /* PostViewController.swift in Sources */ = {isa = PBXBuildFile; fileRef = 8C8C0A3C28A872F80002308B /* PostViewController.swift */; };
		8C8C0A3F28A8738F0002308B /* EditProfileViewController.swift in Sources */ = {isa = PBXBuildFile; fileRef = 8C8C0A3E28A8738F0002308B /* EditProfileViewController.swift */; };
		8C8C0A4128A873B30002308B /* SettingViewController.swift in Sources */ = {isa = PBXBuildFile; fileRef = 8C8C0A4028A873B30002308B /* SettingViewController.swift */; };
		8C8C0A4328A873BC0002308B /* ListViewController.swift in Sources */ = {isa = PBXBuildFile; fileRef = 8C8C0A4228A873BC0002308B /* ListViewController.swift */; };
		8C8C0A4528A873D10002308B /* SearchViewController.swift in Sources */ = {isa = PBXBuildFile; fileRef = 8C8C0A4428A873D10002308B /* SearchViewController.swift */; };
		8C8C0A4728A873DC0002308B /* SearchResultsViewController.swift in Sources */ = {isa = PBXBuildFile; fileRef = 8C8C0A4628A873DB0002308B /* SearchResultsViewController.swift */; };
		8C8C0A4928A874000002308B /* PostEditorViewController.swift in Sources */ = {isa = PBXBuildFile; fileRef = 8C8C0A4828A874000002308B /* PostEditorViewController.swift */; };
		8C8C0A4B28A874100002308B /* PublishPostViewController.swift in Sources */ = {isa = PBXBuildFile; fileRef = 8C8C0A4A28A874100002308B /* PublishPostViewController.swift */; };
		8C8C0A5128A8823C0002308B /* FirebaseAnalytics in Frameworks */ = {isa = PBXBuildFile; productRef = 8C8C0A5028A8823C0002308B /* FirebaseAnalytics */; };
		8C8C0A5328A8823C0002308B /* FirebaseAuth in Frameworks */ = {isa = PBXBuildFile; productRef = 8C8C0A5228A8823C0002308B /* FirebaseAuth */; };
		8C8C0A5528A8823C0002308B /* FirebaseCrashlytics in Frameworks */ = {isa = PBXBuildFile; productRef = 8C8C0A5428A8823C0002308B /* FirebaseCrashlytics */; };
		8C8C0A5728A8823C0002308B /* FirebaseDatabase in Frameworks */ = {isa = PBXBuildFile; productRef = 8C8C0A5628A8823C0002308B /* FirebaseDatabase */; };
		8C8C0A5B28A885FC0002308B /* GoogleService-Info.plist in Resources */ = {isa = PBXBuildFile; fileRef = 8C8C0A5A28A885FC0002308B /* GoogleService-Info.plist */; };
		8C8C0A5D28A8B4D50002308B /* DatabaseManager.swift in Sources */ = {isa = PBXBuildFile; fileRef = 8C8C0A5C28A8B4D50002308B /* DatabaseManager.swift */; };
		8C8C0A5F28A8B58E0002308B /* AuthManager.swift in Sources */ = {isa = PBXBuildFile; fileRef = 8C8C0A5E28A8B58D0002308B /* AuthManager.swift */; };
		8C8C0A6128A8B5B40002308B /* StorageManager.swift in Sources */ = {isa = PBXBuildFile; fileRef = 8C8C0A6028A8B5B40002308B /* StorageManager.swift */; };
		8C8C0A6428A8B7490002308B /* FirebaseStorage in Frameworks */ = {isa = PBXBuildFile; productRef = 8C8C0A6328A8B7490002308B /* FirebaseStorage */; };
/* End PBXBuildFile section */

/* Begin PBXContainerItemProxy section */
		8C8C0A0D28A870430002308B /* PBXContainerItemProxy */ = {
			isa = PBXContainerItemProxy;
			containerPortal = 8C8C09EE28A870410002308B /* Project object */;
			proxyType = 1;
			remoteGlobalIDString = 8C8C09F528A870410002308B;
			remoteInfo = Instagram;
		};
		8C8C0A1728A870430002308B /* PBXContainerItemProxy */ = {
			isa = PBXContainerItemProxy;
			containerPortal = 8C8C09EE28A870410002308B /* Project object */;
			proxyType = 1;
			remoteGlobalIDString = 8C8C09F528A870410002308B;
			remoteInfo = Instagram;
		};
/* End PBXContainerItemProxy section */

/* Begin PBXFileReference section */
		8C8C09F628A870410002308B /* Instagram.app */ = {isa = PBXFileReference; explicitFileType = wrapper.application; includeInIndex = 0; path = Instagram.app; sourceTree = BUILT_PRODUCTS_DIR; };
		8C8C09F928A870410002308B /* AppDelegate.swift */ = {isa = PBXFileReference; lastKnownFileType = sourcecode.swift; path = AppDelegate.swift; sourceTree = "<group>"; };
		8C8C09FB28A870410002308B /* SceneDelegate.swift */ = {isa = PBXFileReference; lastKnownFileType = sourcecode.swift; path = SceneDelegate.swift; sourceTree = "<group>"; };
		8C8C09FD28A870410002308B /* HomeViewController.swift */ = {isa = PBXFileReference; lastKnownFileType = sourcecode.swift; path = HomeViewController.swift; sourceTree = "<group>"; };
		8C8C0A0028A870410002308B /* Base */ = {isa = PBXFileReference; lastKnownFileType = file.storyboard; name = Base; path = Base.lproj/Main.storyboard; sourceTree = "<group>"; };
		8C8C0A0228A870420002308B /* Assets.xcassets */ = {isa = PBXFileReference; lastKnownFileType = folder.assetcatalog; path = Assets.xcassets; sourceTree = "<group>"; };
		8C8C0A0528A870420002308B /* Base */ = {isa = PBXFileReference; lastKnownFileType = file.storyboard; name = Base; path = Base.lproj/LaunchScreen.storyboard; sourceTree = "<group>"; };
		8C8C0A0728A870420002308B /* Info.plist */ = {isa = PBXFileReference; lastKnownFileType = text.plist.xml; path = Info.plist; sourceTree = "<group>"; };
		8C8C0A0C28A870430002308B /* InstagramTests.xctest */ = {isa = PBXFileReference; explicitFileType = wrapper.cfbundle; includeInIndex = 0; path = InstagramTests.xctest; sourceTree = BUILT_PRODUCTS_DIR; };
		8C8C0A1028A870430002308B /* InstagramTests.swift */ = {isa = PBXFileReference; lastKnownFileType = sourcecode.swift; path = InstagramTests.swift; sourceTree = "<group>"; };
		8C8C0A1628A870430002308B /* InstagramUITests.xctest */ = {isa = PBXFileReference; explicitFileType = wrapper.cfbundle; includeInIndex = 0; path = InstagramUITests.xctest; sourceTree = BUILT_PRODUCTS_DIR; };
		8C8C0A1A28A870430002308B /* InstagramUITests.swift */ = {isa = PBXFileReference; lastKnownFileType = sourcecode.swift; path = InstagramUITests.swift; sourceTree = "<group>"; };
		8C8C0A1C28A870430002308B /* InstagramUITestsLaunchTests.swift */ = {isa = PBXFileReference; lastKnownFileType = sourcecode.swift; path = InstagramUITestsLaunchTests.swift; sourceTree = "<group>"; };
		8C8C0A2D28A8711C0002308B /* ExploreViewController.swift */ = {isa = PBXFileReference; lastKnownFileType = sourcecode.swift; path = ExploreViewController.swift; sourceTree = "<group>"; };
		8C8C0A2F28A871330002308B /* CameraViewController.swift */ = {isa = PBXFileReference; lastKnownFileType = sourcecode.swift; path = CameraViewController.swift; sourceTree = "<group>"; };
		8C8C0A3128A8714D0002308B /* NotificationsViewController.swift */ = {isa = PBXFileReference; lastKnownFileType = sourcecode.swift; path = NotificationsViewController.swift; sourceTree = "<group>"; };
		8C8C0A3328A8715B0002308B /* ProfileViewController.swift */ = {isa = PBXFileReference; lastKnownFileType = sourcecode.swift; path = ProfileViewController.swift; sourceTree = "<group>"; };
		8C8C0A3728A872C90002308B /* LoginViewController.swift */ = {isa = PBXFileReference; lastKnownFileType = sourcecode.swift; path = LoginViewController.swift; sourceTree = "<group>"; };
		8C8C0A3928A872D40002308B /* RegistrationViewController.swift */ = {isa = PBXFileReference; lastKnownFileType = sourcecode.swift; path = RegistrationViewController.swift; sourceTree = "<group>"; };
		8C8C0A3C28A872F80002308B /* PostViewController.swift */ = {isa = PBXFileReference; lastKnownFileType = sourcecode.swift; path = PostViewController.swift; sourceTree = "<group>"; };
		8C8C0A3E28A8738F0002308B /* EditProfileViewController.swift */ = {isa = PBXFileReference; lastKnownFileType = sourcecode.swift; path = EditProfileViewController.swift; sourceTree = "<group>"; };
		8C8C0A4028A873B30002308B /* SettingViewController.swift */ = {isa = PBXFileReference; lastKnownFileType = sourcecode.swift; path = SettingViewController.swift; sourceTree = "<group>"; };
		8C8C0A4228A873BC0002308B /* ListViewController.swift */ = {isa = PBXFileReference; lastKnownFileType = sourcecode.swift; path = ListViewController.swift; sourceTree = "<group>"; };
		8C8C0A4428A873D10002308B /* SearchViewController.swift */ = {isa = PBXFileReference; lastKnownFileType = sourcecode.swift; path = SearchViewController.swift; sourceTree = "<group>"; };
		8C8C0A4628A873DB0002308B /* SearchResultsViewController.swift */ = {isa = PBXFileReference; lastKnownFileType = sourcecode.swift; path = SearchResultsViewController.swift; sourceTree = "<group>"; };
		8C8C0A4828A874000002308B /* PostEditorViewController.swift */ = {isa = PBXFileReference; lastKnownFileType = sourcecode.swift; path = PostEditorViewController.swift; sourceTree = "<group>"; };
		8C8C0A4A28A874100002308B /* PublishPostViewController.swift */ = {isa = PBXFileReference; lastKnownFileType = sourcecode.swift; path = PublishPostViewController.swift; sourceTree = "<group>"; };
		8C8C0A5A28A885FC0002308B /* GoogleService-Info.plist */ = {isa = PBXFileReference; fileEncoding = 4; lastKnownFileType = text.plist.xml; path = "GoogleService-Info.plist"; sourceTree = "<group>"; };
		8C8C0A5C28A8B4D50002308B /* DatabaseManager.swift */ = {isa = PBXFileReference; lastKnownFileType = sourcecode.swift; path = DatabaseManager.swift; sourceTree = "<group>"; };
		8C8C0A5E28A8B58D0002308B /* AuthManager.swift */ = {isa = PBXFileReference; lastKnownFileType = sourcecode.swift; path = AuthManager.swift; sourceTree = "<group>"; };
		8C8C0A6028A8B5B40002308B /* StorageManager.swift */ = {isa = PBXFileReference; lastKnownFileType = sourcecode.swift; path = StorageManager.swift; sourceTree = "<group>"; };
/* End PBXFileReference section */

/* Begin PBXFrameworksBuildPhase section */
		8C8C09F328A870410002308B /* Frameworks */ = {
			isa = PBXFrameworksBuildPhase;
			buildActionMask = 2147483647;
			files = (
				8C8C0A5528A8823C0002308B /* FirebaseCrashlytics in Frameworks */,
				8C8C0A5128A8823C0002308B /* FirebaseAnalytics in Frameworks */,
				8C8C0A5728A8823C0002308B /* FirebaseDatabase in Frameworks */,
				8C8C0A6428A8B7490002308B /* FirebaseStorage in Frameworks */,
				8C8C0A5328A8823C0002308B /* FirebaseAuth in Frameworks */,
			);
			runOnlyForDeploymentPostprocessing = 0;
		};
		8C8C0A0928A870430002308B /* Frameworks */ = {
			isa = PBXFrameworksBuildPhase;
			buildActionMask = 2147483647;
			files = (
			);
			runOnlyForDeploymentPostprocessing = 0;
		};
		8C8C0A1328A870430002308B /* Frameworks */ = {
			isa = PBXFrameworksBuildPhase;
			buildActionMask = 2147483647;
			files = (
			);
			runOnlyForDeploymentPostprocessing = 0;
		};
/* End PBXFrameworksBuildPhase section */

/* Begin PBXGroup section */
		8C8C09ED28A870410002308B = {
			isa = PBXGroup;
			children = (
				8C8C09F828A870410002308B /* Instagram */,
				8C8C0A0F28A870430002308B /* InstagramTests */,
				8C8C0A1928A870430002308B /* InstagramUITests */,
				8C8C09F728A870410002308B /* Products */,
			);
			sourceTree = "<group>";
		};
		8C8C09F728A870410002308B /* Products */ = {
			isa = PBXGroup;
			children = (
				8C8C09F628A870410002308B /* Instagram.app */,
				8C8C0A0C28A870430002308B /* InstagramTests.xctest */,
				8C8C0A1628A870430002308B /* InstagramUITests.xctest */,
			);
			name = Products;
			sourceTree = "<group>";
		};
		8C8C09F828A870410002308B /* Instagram */ = {
			isa = PBXGroup;
			children = (
				8C8C0A5A28A885FC0002308B /* GoogleService-Info.plist */,
				8C8C0A2B28A8706A0002308B /* Resources */,
				8C8C0A2A28A870630002308B /* Controllers */,
				8C8C0A2928A8704A0002308B /* Views */,
				8C8C09FF28A870410002308B /* Main.storyboard */,
				8C8C0A2C28A870860002308B /* Storyboards */,
				8C8C0A0728A870420002308B /* Info.plist */,
			);
			path = Instagram;
			sourceTree = "<group>";
		};
		8C8C0A0F28A870430002308B /* InstagramTests */ = {
			isa = PBXGroup;
			children = (
				8C8C0A1028A870430002308B /* InstagramTests.swift */,
			);
			path = InstagramTests;
			sourceTree = "<group>";
		};
		8C8C0A1928A870430002308B /* InstagramUITests */ = {
			isa = PBXGroup;
			children = (
				8C8C0A1A28A870430002308B /* InstagramUITests.swift */,
				8C8C0A1C28A870430002308B /* InstagramUITestsLaunchTests.swift */,
			);
			path = InstagramUITests;
			sourceTree = "<group>";
		};
		8C8C0A2928A8704A0002308B /* Views */ = {
			isa = PBXGroup;
			children = (
				8C8C0A0228A870420002308B /* Assets.xcassets */,
			);
			path = Views;
			sourceTree = "<group>";
		};
		8C8C0A2A28A870630002308B /* Controllers */ = {
			isa = PBXGroup;
			children = (
				8C8C0A3B28A872ED0002308B /* Other */,
				8C8C0A3628A872B80002308B /* Onboarding */,
				8C8C0A3528A8717C0002308B /* Core Tabs */,
			);
			path = Controllers;
			sourceTree = "<group>";
		};
		8C8C0A2B28A8706A0002308B /* Resources */ = {
			isa = PBXGroup;
			children = (
				8C8C09F928A870410002308B /* AppDelegate.swift */,
				8C8C09FB28A870410002308B /* SceneDelegate.swift */,
				8C8C0A5C28A8B4D50002308B /* DatabaseManager.swift */,
				8C8C0A5E28A8B58D0002308B /* AuthManager.swift */,
				8C8C0A6028A8B5B40002308B /* StorageManager.swift */,
			);
			path = Resources;
			sourceTree = "<group>";
		};
		8C8C0A2C28A870860002308B /* Storyboards */ = {
			isa = PBXGroup;
			children = (
				8C8C0A0428A870420002308B /* LaunchScreen.storyboard */,
			);
			path = Storyboards;
			sourceTree = "<group>";
		};
		8C8C0A3528A8717C0002308B /* Core Tabs */ = {
			isa = PBXGroup;
			children = (
				8C8C09FD28A870410002308B /* HomeViewController.swift */,
				8C8C0A2D28A8711C0002308B /* ExploreViewController.swift */,
				8C8C0A2F28A871330002308B /* CameraViewController.swift */,
				8C8C0A3128A8714D0002308B /* NotificationsViewController.swift */,
				8C8C0A3328A8715B0002308B /* ProfileViewController.swift */,
			);
			path = "Core Tabs";
			sourceTree = "<group>";
		};
		8C8C0A3628A872B80002308B /* Onboarding */ = {
			isa = PBXGroup;
			children = (
				8C8C0A3728A872C90002308B /* LoginViewController.swift */,
				8C8C0A3928A872D40002308B /* RegistrationViewController.swift */,
			);
			path = Onboarding;
			sourceTree = "<group>";
		};
		8C8C0A3B28A872ED0002308B /* Other */ = {
			isa = PBXGroup;
			children = (
				8C8C0A3C28A872F80002308B /* PostViewController.swift */,
				8C8C0A3E28A8738F0002308B /* EditProfileViewController.swift */,
				8C8C0A4028A873B30002308B /* SettingViewController.swift */,
				8C8C0A4228A873BC0002308B /* ListViewController.swift */,
				8C8C0A4428A873D10002308B /* SearchViewController.swift */,
				8C8C0A4628A873DB0002308B /* SearchResultsViewController.swift */,
				8C8C0A4828A874000002308B /* PostEditorViewController.swift */,
				8C8C0A4A28A874100002308B /* PublishPostViewController.swift */,
			);
			path = Other;
			sourceTree = "<group>";
		};
/* End PBXGroup section */

/* Begin PBXNativeTarget section */
		8C8C09F528A870410002308B /* Instagram */ = {
			isa = PBXNativeTarget;
			buildConfigurationList = 8C8C0A2028A870430002308B /* Build configuration list for PBXNativeTarget "Instagram" */;
			buildPhases = (
				8C8C09F228A870410002308B /* Sources */,
				8C8C09F328A870410002308B /* Frameworks */,
				8C8C09F428A870410002308B /* Resources */,
			);
			buildRules = (
			);
			dependencies = (
			);
			name = Instagram;
			packageProductDependencies = (
				8C8C0A5028A8823C0002308B /* FirebaseAnalytics */,
				8C8C0A5228A8823C0002308B /* FirebaseAuth */,
				8C8C0A5428A8823C0002308B /* FirebaseCrashlytics */,
				8C8C0A5628A8823C0002308B /* FirebaseDatabase */,
				8C8C0A6328A8B7490002308B /* FirebaseStorage */,
			);
			productName = Instagram;
			productReference = 8C8C09F628A870410002308B /* Instagram.app */;
			productType = "com.apple.product-type.application";
		};
		8C8C0A0B28A870430002308B /* InstagramTests */ = {
			isa = PBXNativeTarget;
			buildConfigurationList = 8C8C0A2328A870430002308B /* Build configuration list for PBXNativeTarget "InstagramTests" */;
			buildPhases = (
				8C8C0A0828A870430002308B /* Sources */,
				8C8C0A0928A870430002308B /* Frameworks */,
				8C8C0A0A28A870430002308B /* Resources */,
			);
			buildRules = (
			);
			dependencies = (
				8C8C0A0E28A870430002308B /* PBXTargetDependency */,
			);
			name = InstagramTests;
			productName = InstagramTests;
			productReference = 8C8C0A0C28A870430002308B /* InstagramTests.xctest */;
			productType = "com.apple.product-type.bundle.unit-test";
		};
		8C8C0A1528A870430002308B /* InstagramUITests */ = {
			isa = PBXNativeTarget;
			buildConfigurationList = 8C8C0A2628A870430002308B /* Build configuration list for PBXNativeTarget "InstagramUITests" */;
			buildPhases = (
				8C8C0A1228A870430002308B /* Sources */,
				8C8C0A1328A870430002308B /* Frameworks */,
				8C8C0A1428A870430002308B /* Resources */,
			);
			buildRules = (
			);
			dependencies = (
				8C8C0A1828A870430002308B /* PBXTargetDependency */,
			);
			name = InstagramUITests;
			productName = InstagramUITests;
			productReference = 8C8C0A1628A870430002308B /* InstagramUITests.xctest */;
			productType = "com.apple.product-type.bundle.ui-testing";
		};
/* End PBXNativeTarget section */

/* Begin PBXProject section */
		8C8C09EE28A870410002308B /* Project object */ = {
			isa = PBXProject;
			attributes = {
				BuildIndependentTargetsInParallel = 1;
				LastSwiftUpdateCheck = 1340;
				LastUpgradeCheck = 1340;
				TargetAttributes = {
					8C8C09F528A870410002308B = {
						CreatedOnToolsVersion = 13.4.1;
					};
					8C8C0A0B28A870430002308B = {
						CreatedOnToolsVersion = 13.4.1;
						TestTargetID = 8C8C09F528A870410002308B;
					};
					8C8C0A1528A870430002308B = {
						CreatedOnToolsVersion = 13.4.1;
						TestTargetID = 8C8C09F528A870410002308B;
					};
				};
			};
			buildConfigurationList = 8C8C09F128A870410002308B /* Build configuration list for PBXProject "Instagram" */;
			compatibilityVersion = "Xcode 13.0";
			developmentRegion = en;
			hasScannedForEncodings = 0;
			knownRegions = (
				en,
				Base,
			);
			mainGroup = 8C8C09ED28A870410002308B;
			packageReferences = (
				8C8C0A4F28A8823C0002308B /* XCRemoteSwiftPackageReference "firebase-ios-sdk" */,
				8C8C0A6228A8B7490002308B /* XCRemoteSwiftPackageReference "firebase-ios-sdk" */,
			);
			productRefGroup = 8C8C09F728A870410002308B /* Products */;
			projectDirPath = "";
			projectRoot = "";
			targets = (
				8C8C09F528A870410002308B /* Instagram */,
				8C8C0A0B28A870430002308B /* InstagramTests */,
				8C8C0A1528A870430002308B /* InstagramUITests */,
			);
		};
/* End PBXProject section */

/* Begin PBXResourcesBuildPhase section */
		8C8C09F428A870410002308B /* Resources */ = {
			isa = PBXResourcesBuildPhase;
			buildActionMask = 2147483647;
			files = (
				8C8C0A0628A870420002308B /* LaunchScreen.storyboard in Resources */,
				8C8C0A0328A870420002308B /* Assets.xcassets in Resources */,
				8C8C0A5B28A885FC0002308B /* GoogleService-Info.plist in Resources */,
				8C8C0A0128A870410002308B /* Main.storyboard in Resources */,
			);
			runOnlyForDeploymentPostprocessing = 0;
		};
		8C8C0A0A28A870430002308B /* Resources */ = {
			isa = PBXResourcesBuildPhase;
			buildActionMask = 2147483647;
			files = (
			);
			runOnlyForDeploymentPostprocessing = 0;
		};
		8C8C0A1428A870430002308B /* Resources */ = {
			isa = PBXResourcesBuildPhase;
			buildActionMask = 2147483647;
			files = (
			);
			runOnlyForDeploymentPostprocessing = 0;
		};
/* End PBXResourcesBuildPhase section */

/* Begin PBXSourcesBuildPhase section */
		8C8C09F228A870410002308B /* Sources */ = {
			isa = PBXSourcesBuildPhase;
			buildActionMask = 2147483647;
			files = (
				8C8C0A3F28A8738F0002308B /* EditProfileViewController.swift in Sources */,
				8C8C0A2E28A8711C0002308B /* ExploreViewController.swift in Sources */,
				8C8C0A4B28A874100002308B /* PublishPostViewController.swift in Sources */,
				8C8C0A3028A871330002308B /* CameraViewController.swift in Sources */,
				8C8C09FE28A870410002308B /* HomeViewController.swift in Sources */,
				8C8C0A4728A873DC0002308B /* SearchResultsViewController.swift in Sources */,
				8C8C0A4928A874000002308B /* PostEditorViewController.swift in Sources */,
				8C8C0A6128A8B5B40002308B /* StorageManager.swift in Sources */,
				8C8C0A3228A8714D0002308B /* NotificationsViewController.swift in Sources */,
				8C8C0A5D28A8B4D50002308B /* DatabaseManager.swift in Sources */,
				8C8C0A3D28A872F80002308B /* PostViewController.swift in Sources */,
				8C8C0A3828A872C90002308B /* LoginViewController.swift in Sources */,
				8C8C0A3428A8715B0002308B /* ProfileViewController.swift in Sources */,
				8C8C0A4528A873D10002308B /* SearchViewController.swift in Sources */,
				8C8C09FA28A870410002308B /* AppDelegate.swift in Sources */,
				8C8C0A5F28A8B58E0002308B /* AuthManager.swift in Sources */,
				8C8C0A3A28A872D40002308B /* RegistrationViewController.swift in Sources */,
				8C8C09FC28A870410002308B /* SceneDelegate.swift in Sources */,
				8C8C0A4328A873BC0002308B /* ListViewController.swift in Sources */,
				8C8C0A4128A873B30002308B /* SettingViewController.swift in Sources */,
			);
			runOnlyForDeploymentPostprocessing = 0;
		};
		8C8C0A0828A870430002308B /* Sources */ = {
			isa = PBXSourcesBuildPhase;
			buildActionMask = 2147483647;
			files = (
				8C8C0A1128A870430002308B /* InstagramTests.swift in Sources */,
			);
			runOnlyForDeploymentPostprocessing = 0;
		};
		8C8C0A1228A870430002308B /* Sources */ = {
			isa = PBXSourcesBuildPhase;
			buildActionMask = 2147483647;
			files = (
				8C8C0A1B28A870430002308B /* InstagramUITests.swift in Sources */,
				8C8C0A1D28A870430002308B /* InstagramUITestsLaunchTests.swift in Sources */,
			);
			runOnlyForDeploymentPostprocessing = 0;
		};
/* End PBXSourcesBuildPhase section */

/* Begin PBXTargetDependency section */
		8C8C0A0E28A870430002308B /* PBXTargetDependency */ = {
			isa = PBXTargetDependency;
			target = 8C8C09F528A870410002308B /* Instagram */;
			targetProxy = 8C8C0A0D28A870430002308B /* PBXContainerItemProxy */;
		};
		8C8C0A1828A870430002308B /* PBXTargetDependency */ = {
			isa = PBXTargetDependency;
			target = 8C8C09F528A870410002308B /* Instagram */;
			targetProxy = 8C8C0A1728A870430002308B /* PBXContainerItemProxy */;
		};
/* End PBXTargetDependency section */

/* Begin PBXVariantGroup section */
		8C8C09FF28A870410002308B /* Main.storyboard */ = {
			isa = PBXVariantGroup;
			children = (
				8C8C0A0028A870410002308B /* Base */,
			);
			name = Main.storyboard;
			sourceTree = "<group>";
		};
		8C8C0A0428A870420002308B /* LaunchScreen.storyboard */ = {
			isa = PBXVariantGroup;
			children = (
				8C8C0A0528A870420002308B /* Base */,
			);
			name = LaunchScreen.storyboard;
			sourceTree = "<group>";
		};
/* End PBXVariantGroup section */

/* Begin XCBuildConfiguration section */
		8C8C0A1E28A870430002308B /* Debug */ = {
			isa = XCBuildConfiguration;
			buildSettings = {
				ALWAYS_SEARCH_USER_PATHS = NO;
				CLANG_ANALYZER_NONNULL = YES;
				CLANG_ANALYZER_NUMBER_OBJECT_CONVERSION = YES_AGGRESSIVE;
				CLANG_CXX_LANGUAGE_STANDARD = "gnu++17";
				CLANG_ENABLE_MODULES = YES;
				CLANG_ENABLE_OBJC_ARC = YES;
				CLANG_ENABLE_OBJC_WEAK = YES;
				CLANG_WARN_BLOCK_CAPTURE_AUTORELEASING = YES;
				CLANG_WARN_BOOL_CONVERSION = YES;
				CLANG_WARN_COMMA = YES;
				CLANG_WARN_CONSTANT_CONVERSION = YES;
				CLANG_WARN_DEPRECATED_OBJC_IMPLEMENTATIONS = YES;
				CLANG_WARN_DIRECT_OBJC_ISA_USAGE = YES_ERROR;
				CLANG_WARN_DOCUMENTATION_COMMENTS = YES;
				CLANG_WARN_EMPTY_BODY = YES;
				CLANG_WARN_ENUM_CONVERSION = YES;
				CLANG_WARN_INFINITE_RECURSION = YES;
				CLANG_WARN_INT_CONVERSION = YES;
				CLANG_WARN_NON_LITERAL_NULL_CONVERSION = YES;
				CLANG_WARN_OBJC_IMPLICIT_RETAIN_SELF = YES;
				CLANG_WARN_OBJC_LITERAL_CONVERSION = YES;
				CLANG_WARN_OBJC_ROOT_CLASS = YES_ERROR;
				CLANG_WARN_QUOTED_INCLUDE_IN_FRAMEWORK_HEADER = YES;
				CLANG_WARN_RANGE_LOOP_ANALYSIS = YES;
				CLANG_WARN_STRICT_PROTOTYPES = YES;
				CLANG_WARN_SUSPICIOUS_MOVE = YES;
				CLANG_WARN_UNGUARDED_AVAILABILITY = YES_AGGRESSIVE;
				CLANG_WARN_UNREACHABLE_CODE = YES;
				CLANG_WARN__DUPLICATE_METHOD_MATCH = YES;
				COPY_PHASE_STRIP = NO;
				DEBUG_INFORMATION_FORMAT = dwarf;
				ENABLE_STRICT_OBJC_MSGSEND = YES;
				ENABLE_TESTABILITY = YES;
				GCC_C_LANGUAGE_STANDARD = gnu11;
				GCC_DYNAMIC_NO_PIC = NO;
				GCC_NO_COMMON_BLOCKS = YES;
				GCC_OPTIMIZATION_LEVEL = 0;
				GCC_PREPROCESSOR_DEFINITIONS = (
					"DEBUG=1",
					"$(inherited)",
				);
				GCC_WARN_64_TO_32_BIT_CONVERSION = YES;
				GCC_WARN_ABOUT_RETURN_TYPE = YES_ERROR;
				GCC_WARN_UNDECLARED_SELECTOR = YES;
				GCC_WARN_UNINITIALIZED_AUTOS = YES_AGGRESSIVE;
				GCC_WARN_UNUSED_FUNCTION = YES;
				GCC_WARN_UNUSED_VARIABLE = YES;
				IPHONEOS_DEPLOYMENT_TARGET = 15.5;
				MTL_ENABLE_DEBUG_INFO = INCLUDE_SOURCE;
				MTL_FAST_MATH = YES;
				ONLY_ACTIVE_ARCH = YES;
				SDKROOT = iphoneos;
				SWIFT_ACTIVE_COMPILATION_CONDITIONS = DEBUG;
				SWIFT_OPTIMIZATION_LEVEL = "-Onone";
			};
			name = Debug;
		};
		8C8C0A1F28A870430002308B /* Release */ = {
			isa = XCBuildConfiguration;
			buildSettings = {
				ALWAYS_SEARCH_USER_PATHS = NO;
				CLANG_ANALYZER_NONNULL = YES;
				CLANG_ANALYZER_NUMBER_OBJECT_CONVERSION = YES_AGGRESSIVE;
				CLANG_CXX_LANGUAGE_STANDARD = "gnu++17";
				CLANG_ENABLE_MODULES = YES;
				CLANG_ENABLE_OBJC_ARC = YES;
				CLANG_ENABLE_OBJC_WEAK = YES;
				CLANG_WARN_BLOCK_CAPTURE_AUTORELEASING = YES;
				CLANG_WARN_BOOL_CONVERSION = YES;
				CLANG_WARN_COMMA = YES;
				CLANG_WARN_CONSTANT_CONVERSION = YES;
				CLANG_WARN_DEPRECATED_OBJC_IMPLEMENTATIONS = YES;
				CLANG_WARN_DIRECT_OBJC_ISA_USAGE = YES_ERROR;
				CLANG_WARN_DOCUMENTATION_COMMENTS = YES;
				CLANG_WARN_EMPTY_BODY = YES;
				CLANG_WARN_ENUM_CONVERSION = YES;
				CLANG_WARN_INFINITE_RECURSION = YES;
				CLANG_WARN_INT_CONVERSION = YES;
				CLANG_WARN_NON_LITERAL_NULL_CONVERSION = YES;
				CLANG_WARN_OBJC_IMPLICIT_RETAIN_SELF = YES;
				CLANG_WARN_OBJC_LITERAL_CONVERSION = YES;
				CLANG_WARN_OBJC_ROOT_CLASS = YES_ERROR;
				CLANG_WARN_QUOTED_INCLUDE_IN_FRAMEWORK_HEADER = YES;
				CLANG_WARN_RANGE_LOOP_ANALYSIS = YES;
				CLANG_WARN_STRICT_PROTOTYPES = YES;
				CLANG_WARN_SUSPICIOUS_MOVE = YES;
				CLANG_WARN_UNGUARDED_AVAILABILITY = YES_AGGRESSIVE;
				CLANG_WARN_UNREACHABLE_CODE = YES;
				CLANG_WARN__DUPLICATE_METHOD_MATCH = YES;
				COPY_PHASE_STRIP = NO;
				DEBUG_INFORMATION_FORMAT = "dwarf-with-dsym";
				ENABLE_NS_ASSERTIONS = NO;
				ENABLE_STRICT_OBJC_MSGSEND = YES;
				GCC_C_LANGUAGE_STANDARD = gnu11;
				GCC_NO_COMMON_BLOCKS = YES;
				GCC_WARN_64_TO_32_BIT_CONVERSION = YES;
				GCC_WARN_ABOUT_RETURN_TYPE = YES_ERROR;
				GCC_WARN_UNDECLARED_SELECTOR = YES;
				GCC_WARN_UNINITIALIZED_AUTOS = YES_AGGRESSIVE;
				GCC_WARN_UNUSED_FUNCTION = YES;
				GCC_WARN_UNUSED_VARIABLE = YES;
				IPHONEOS_DEPLOYMENT_TARGET = 15.5;
				MTL_ENABLE_DEBUG_INFO = NO;
				MTL_FAST_MATH = YES;
				SDKROOT = iphoneos;
				SWIFT_COMPILATION_MODE = wholemodule;
				SWIFT_OPTIMIZATION_LEVEL = "-O";
				VALIDATE_PRODUCT = YES;
			};
			name = Release;
		};
		8C8C0A2128A870430002308B /* Debug */ = {
			isa = XCBuildConfiguration;
			buildSettings = {
				ASSETCATALOG_COMPILER_APPICON_NAME = AppIcon;
				ASSETCATALOG_COMPILER_GLOBAL_ACCENT_COLOR_NAME = AccentColor;
				CODE_SIGN_STYLE = Automatic;
				CURRENT_PROJECT_VERSION = 1;
				DEVELOPMENT_TEAM = CRPB5AHSY2;
				GENERATE_INFOPLIST_FILE = YES;
				INFOPLIST_FILE = Instagram/Info.plist;
				INFOPLIST_KEY_UIApplicationSupportsIndirectInputEvents = YES;
				INFOPLIST_KEY_UILaunchStoryboardName = LaunchScreen;
				INFOPLIST_KEY_UIMainStoryboardFile = Main;
				INFOPLIST_KEY_UISupportedInterfaceOrientations_iPad = "UIInterfaceOrientationPortrait UIInterfaceOrientationPortraitUpsideDown UIInterfaceOrientationLandscapeLeft UIInterfaceOrientationLandscapeRight";
				INFOPLIST_KEY_UISupportedInterfaceOrientations_iPhone = "UIInterfaceOrientationPortrait UIInterfaceOrientationLandscapeLeft UIInterfaceOrientationLandscapeRight";
				LD_RUNPATH_SEARCH_PATHS = (
					"$(inherited)",
					"@executable_path/Frameworks",
				);
				MARKETING_VERSION = 1.0;
				PRODUCT_BUNDLE_IDENTIFIER = NateW.Instagram;
				PRODUCT_NAME = "$(TARGET_NAME)";
				SWIFT_EMIT_LOC_STRINGS = YES;
				SWIFT_VERSION = 5.0;
				TARGETED_DEVICE_FAMILY = "1,2";
			};
			name = Debug;
		};
		8C8C0A2228A870430002308B /* Release */ = {
			isa = XCBuildConfiguration;
			buildSettings = {
				ASSETCATALOG_COMPILER_APPICON_NAME = AppIcon;
				ASSETCATALOG_COMPILER_GLOBAL_ACCENT_COLOR_NAME = AccentColor;
				CODE_SIGN_STYLE = Automatic;
				CURRENT_PROJECT_VERSION = 1;
				DEVELOPMENT_TEAM = CRPB5AHSY2;
				GENERATE_INFOPLIST_FILE = YES;
				INFOPLIST_FILE = Instagram/Info.plist;
				INFOPLIST_KEY_UIApplicationSupportsIndirectInputEvents = YES;
				INFOPLIST_KEY_UILaunchStoryboardName = LaunchScreen;
				INFOPLIST_KEY_UIMainStoryboardFile = Main;
				INFOPLIST_KEY_UISupportedInterfaceOrientations_iPad = "UIInterfaceOrientationPortrait UIInterfaceOrientationPortraitUpsideDown UIInterfaceOrientationLandscapeLeft UIInterfaceOrientationLandscapeRight";
				INFOPLIST_KEY_UISupportedInterfaceOrientations_iPhone = "UIInterfaceOrientationPortrait UIInterfaceOrientationLandscapeLeft UIInterfaceOrientationLandscapeRight";
				LD_RUNPATH_SEARCH_PATHS = (
					"$(inherited)",
					"@executable_path/Frameworks",
				);
				MARKETING_VERSION = 1.0;
				PRODUCT_BUNDLE_IDENTIFIER = NateW.Instagram;
				PRODUCT_NAME = "$(TARGET_NAME)";
				SWIFT_EMIT_LOC_STRINGS = YES;
				SWIFT_VERSION = 5.0;
				TARGETED_DEVICE_FAMILY = "1,2";
			};
			name = Release;
		};
		8C8C0A2428A870430002308B /* Debug */ = {
			isa = XCBuildConfiguration;
			buildSettings = {
				ALWAYS_EMBED_SWIFT_STANDARD_LIBRARIES = YES;
				BUNDLE_LOADER = "$(TEST_HOST)";
				CODE_SIGN_STYLE = Automatic;
				CURRENT_PROJECT_VERSION = 1;
				DEVELOPMENT_TEAM = CRPB5AHSY2;
				GENERATE_INFOPLIST_FILE = YES;
				IPHONEOS_DEPLOYMENT_TARGET = 15.5;
				MARKETING_VERSION = 1.0;
				PRODUCT_BUNDLE_IDENTIFIER = NateW.InstagramTests;
				PRODUCT_NAME = "$(TARGET_NAME)";
				SWIFT_EMIT_LOC_STRINGS = NO;
				SWIFT_VERSION = 5.0;
				TARGETED_DEVICE_FAMILY = "1,2";
				TEST_HOST = "$(BUILT_PRODUCTS_DIR)/Instagram.app/Instagram";
			};
			name = Debug;
		};
		8C8C0A2528A870430002308B /* Release */ = {
			isa = XCBuildConfiguration;
			buildSettings = {
				ALWAYS_EMBED_SWIFT_STANDARD_LIBRARIES = YES;
				BUNDLE_LOADER = "$(TEST_HOST)";
				CODE_SIGN_STYLE = Automatic;
				CURRENT_PROJECT_VERSION = 1;
				DEVELOPMENT_TEAM = CRPB5AHSY2;
				GENERATE_INFOPLIST_FILE = YES;
				IPHONEOS_DEPLOYMENT_TARGET = 15.5;
				MARKETING_VERSION = 1.0;
				PRODUCT_BUNDLE_IDENTIFIER = NateW.InstagramTests;
				PRODUCT_NAME = "$(TARGET_NAME)";
				SWIFT_EMIT_LOC_STRINGS = NO;
				SWIFT_VERSION = 5.0;
				TARGETED_DEVICE_FAMILY = "1,2";
				TEST_HOST = "$(BUILT_PRODUCTS_DIR)/Instagram.app/Instagram";
			};
			name = Release;
		};
		8C8C0A2728A870430002308B /* Debug */ = {
			isa = XCBuildConfiguration;
			buildSettings = {
				ALWAYS_EMBED_SWIFT_STANDARD_LIBRARIES = YES;
				CODE_SIGN_STYLE = Automatic;
				CURRENT_PROJECT_VERSION = 1;
				DEVELOPMENT_TEAM = CRPB5AHSY2;
				GENERATE_INFOPLIST_FILE = YES;
				MARKETING_VERSION = 1.0;
				PRODUCT_BUNDLE_IDENTIFIER = NateW.InstagramUITests;
				PRODUCT_NAME = "$(TARGET_NAME)";
				SWIFT_EMIT_LOC_STRINGS = NO;
				SWIFT_VERSION = 5.0;
				TARGETED_DEVICE_FAMILY = "1,2";
				TEST_TARGET_NAME = Instagram;
			};
			name = Debug;
		};
		8C8C0A2828A870430002308B /* Release */ = {
			isa = XCBuildConfiguration;
			buildSettings = {
				ALWAYS_EMBED_SWIFT_STANDARD_LIBRARIES = YES;
				CODE_SIGN_STYLE = Automatic;
				CURRENT_PROJECT_VERSION = 1;
				DEVELOPMENT_TEAM = CRPB5AHSY2;
				GENERATE_INFOPLIST_FILE = YES;
				MARKETING_VERSION = 1.0;
				PRODUCT_BUNDLE_IDENTIFIER = NateW.InstagramUITests;
				PRODUCT_NAME = "$(TARGET_NAME)";
				SWIFT_EMIT_LOC_STRINGS = NO;
				SWIFT_VERSION = 5.0;
				TARGETED_DEVICE_FAMILY = "1,2";
				TEST_TARGET_NAME = Instagram;
			};
			name = Release;
		};
/* End XCBuildConfiguration section */

/* Begin XCConfigurationList section */
		8C8C09F128A870410002308B /* Build configuration list for PBXProject "Instagram" */ = {
			isa = XCConfigurationList;
			buildConfigurations = (
				8C8C0A1E28A870430002308B /* Debug */,
				8C8C0A1F28A870430002308B /* Release */,
			);
			defaultConfigurationIsVisible = 0;
			defaultConfigurationName = Release;
		};
		8C8C0A2028A870430002308B /* Build configuration list for PBXNativeTarget "Instagram" */ = {
			isa = XCConfigurationList;
			buildConfigurations = (
				8C8C0A2128A870430002308B /* Debug */,
				8C8C0A2228A870430002308B /* Release */,
			);
			defaultConfigurationIsVisible = 0;
			defaultConfigurationName = Release;
		};
		8C8C0A2328A870430002308B /* Build configuration list for PBXNativeTarget "InstagramTests" */ = {
			isa = XCConfigurationList;
			buildConfigurations = (
				8C8C0A2428A870430002308B /* Debug */,
				8C8C0A2528A870430002308B /* Release */,
			);
			defaultConfigurationIsVisible = 0;
			defaultConfigurationName = Release;
		};
		8C8C0A2628A870430002308B /* Build configuration list for PBXNativeTarget "InstagramUITests" */ = {
			isa = XCConfigurationList;
			buildConfigurations = (
				8C8C0A2728A870430002308B /* Debug */,
				8C8C0A2828A870430002308B /* Release */,
			);
			defaultConfigurationIsVisible = 0;
			defaultConfigurationName = Release;
		};
/* End XCConfigurationList section */

/* Begin XCRemoteSwiftPackageReference section */
		8C8C0A4F28A8823C0002308B /* XCRemoteSwiftPackageReference "firebase-ios-sdk" */ = {
			isa = XCRemoteSwiftPackageReference;
			repositoryURL = "https://github.com/firebase/firebase-ios-sdk";
			requirement = {
				kind = upToNextMajorVersion;
				minimumVersion = 9.0.0;
			};
		};
		8C8C0A6228A8B7490002308B /* XCRemoteSwiftPackageReference "firebase-ios-sdk" */ = {
			isa = XCRemoteSwiftPackageReference;
			repositoryURL = "https://github.com/firebase/firebase-ios-sdk";
			requirement = {
				kind = upToNextMajorVersion;
				minimumVersion = 9.0.0;
			};
		};
/* End XCRemoteSwiftPackageReference section */

/* Begin XCSwiftPackageProductDependency section */
		8C8C0A5028A8823C0002308B /* FirebaseAnalytics */ = {
			isa = XCSwiftPackageProductDependency;
			package = 8C8C0A4F28A8823C0002308B /* XCRemoteSwiftPackageReference "firebase-ios-sdk" */;
			productName = FirebaseAnalytics;
		};
		8C8C0A5228A8823C0002308B /* FirebaseAuth */ = {
			isa = XCSwiftPackageProductDependency;
			package = 8C8C0A4F28A8823C0002308B /* XCRemoteSwiftPackageReference "firebase-ios-sdk" */;
			productName = FirebaseAuth;
		};
		8C8C0A5428A8823C0002308B /* FirebaseCrashlytics */ = {
			isa = XCSwiftPackageProductDependency;
			package = 8C8C0A4F28A8823C0002308B /* XCRemoteSwiftPackageReference "firebase-ios-sdk" */;
			productName = FirebaseCrashlytics;
		};
		8C8C0A5628A8823C0002308B /* FirebaseDatabase */ = {
			isa = XCSwiftPackageProductDependency;
			package = 8C8C0A4F28A8823C0002308B /* XCRemoteSwiftPackageReference "firebase-ios-sdk" */;
			productName = FirebaseDatabase;
		};
		8C8C0A6328A8B7490002308B /* FirebaseStorage */ = {
			isa = XCSwiftPackageProductDependency;
			package = 8C8C0A4F28A8823C0002308B /* XCRemoteSwiftPackageReference "firebase-ios-sdk" */;
			productName = FirebaseStorage;
		};
/* End XCSwiftPackageProductDependency section */
	};
	rootObject = 8C8C09EE28A870410002308B /* Project object */;
}
